{
    "_meta": {
        "hash": {
            "sha256": "589e179064838732db17563045586c7eeb0b32a554b6f53657fb3d8c61dc8a80"
        },
        "pipfile-spec": 6,
        "requires": {
            "python_version": "3.12"
        },
        "sources": [
            {
                "name": "pypi",
                "url": "https://pypi.org/simple",
                "verify_ssl": true
            }
        ]
    },
    "default": {},
    "develop": {}
}
